
Microsoft Visual Studio Solution File, Format Version 12.00
# Visual Studio Version 17
VisualStudioVersion = 17.2.32616.157
MinimumVisualStudioVersion = 10.0.40219.1
Project("{FAE04EC0-301F-11D3-BF4B-00C04F79EFBC}") = "PictureViewer2", "PictureViewer2\PictureViewer2.csproj", "{5D8913CB-E578-4D87-BA27-B76801537B34}"
EndProject
Global
	GlobalSection(SolutionConfigurationPlatforms) = preSolution
		Debug|Any CPU = Debug|Any CPU
		Release|Any CPU = Release|Any CPU
	EndGlobalSection
	GlobalSection(ProjectConfigurationPlatforms) = postSolution
		{5D8913CB-E578-4D87-BA27-B76801537B34}.Debug|Any CPU.ActiveCfg = Debug|Any CPU
		{5D8913CB-E578-4D87-BA27-B76801537B34}.Debug|Any CPU.Build.0 = Debug|Any CPU
		{5D8913CB-E578-4D87-BA27-B76801537B34}.Release|Any CPU.ActiveCfg = Release|Any CPU
		{5D8913CB-E578-4D87-BA27-B76801537B34}.Release|Any CPU.Build.0 = Release|Any CPU
	EndGlobalSection
	GlobalSection(SolutionProperties) = preSolution
		HideSolutionNode = FALSE
	EndGlobalSection
	GlobalSection(ExtensibilityGlobals) = postSolution
		SolutionGuid = {D2E15756-0242-4236-B13E-D6DBE2B9EFEF}
	EndGlobalSection
EndGlobal
